// !$*UTF8*$!
{
	archiveVersion = 1;
	classes = {
	};
	objectVersion = 56;
	objects = {

/* Begin PBXBuildFile section */
		F5B1D9782BCB27F500B0DB38 /* TaskTrackerApp.swift in Sources */ = {isa = PBXBuildFile; fileRef = F5B1D9772BCB27F500B0DB38 /* TaskTrackerApp.swift */; };
		F5B1D97A2BCB27F500B0DB38 /* ContentView.swift in Sources */ = {isa = PBXBuildFile; fileRef = F5B1D9792BCB27F500B0DB38 /* ContentView.swift */; };
		F5B1D97E2BCB27F700B0DB38 /* Assets.xcassets in Resources */ = {isa = PBXBuildFile; fileRef = F5B1D97D2BCB27F700B0DB38 /* Assets.xcassets */; };
		F5B1D9812BCB27F700B0DB38 /* Preview Assets.xcassets in Resources */ = {isa = PBXBuildFile; fileRef = F5B1D9802BCB27F700B0DB38 /* Preview Assets.xcassets */; };
		F5B1D9882BCB280C00B0DB38 /* Profile.swift in Sources */ = {isa = PBXBuildFile; fileRef = F5B1D9872BCB280C00B0DB38 /* Profile.swift */; };
		F5B1D98A2BCB282900B0DB38 /* FitnessTask.swift in Sources */ = {isa = PBXBuildFile; fileRef = F5B1D9892BCB282900B0DB38 /* FitnessTask.swift */; };
		F5B1D98C2BCB283300B0DB38 /* FitnessTaskVM.swift in Sources */ = {isa = PBXBuildFile; fileRef = F5B1D98B2BCB283300B0DB38 /* FitnessTaskVM.swift */; };
		F5B1D9902BCB284300B0DB38 /* GymVM.swift in Sources */ = {isa = PBXBuildFile; fileRef = F5B1D98F2BCB284300B0DB38 /* GymVM.swift */; };
		F5B1D9932BCCAB4800B0DB38 /* LocationManager.swift in Sources */ = {isa = PBXBuildFile; fileRef = F5B1D9922BCCAB4800B0DB38 /* LocationManager.swift */; };
/* End PBXBuildFile section */

/* Begin PBXFileReference section */
		F5B1D9742BCB27F500B0DB38 /* TaskTracker.app */ = {isa = PBXFileReference; explicitFileType = wrapper.application; includeInIndex = 0; path = TaskTracker.app; sourceTree = BUILT_PRODUCTS_DIR; };
		F5B1D9772BCB27F500B0DB38 /* TaskTrackerApp.swift */ = {isa = PBXFileReference; lastKnownFileType = sourcecode.swift; path = TaskTrackerApp.swift; sourceTree = "<group>"; };
		F5B1D9792BCB27F500B0DB38 /* ContentView.swift */ = {isa = PBXFileReference; lastKnownFileType = sourcecode.swift; path = ContentView.swift; sourceTree = "<group>"; };
		F5B1D97D2BCB27F700B0DB38 /* Assets.xcassets */ = {isa = PBXFileReference; lastKnownFileType = folder.assetcatalog; path = Assets.xcassets; sourceTree = "<group>"; };
		F5B1D9802BCB27F700B0DB38 /* Preview Assets.xcassets */ = {isa = PBXFileReference; lastKnownFileType = folder.assetcatalog; path = "Preview Assets.xcassets"; sourceTree = "<group>"; };
		F5B1D9872BCB280C00B0DB38 /* Profile.swift */ = {isa = PBXFileReference; lastKnownFileType = sourcecode.swift; path = Profile.swift; sourceTree = "<group>"; };
		F5B1D9892BCB282900B0DB38 /* FitnessTask.swift */ = {isa = PBXFileReference; lastKnownFileType = sourcecode.swift; path = FitnessTask.swift; sourceTree = "<group>"; };
		F5B1D98B2BCB283300B0DB38 /* FitnessTaskVM.swift */ = {isa = PBXFileReference; lastKnownFileType = sourcecode.swift; path = FitnessTaskVM.swift; sourceTree = "<group>"; };
		F5B1D98F2BCB284300B0DB38 /* GymVM.swift */ = {isa = PBXFileReference; lastKnownFileType = sourcecode.swift; path = GymVM.swift; sourceTree = "<group>"; };
		F5B1D9912BCBD66A00B0DB38 /* Info.plist */ = {isa = PBXFileReference; lastKnownFileType = text.plist; path = Info.plist; sourceTree = "<group>"; };
		F5B1D9922BCCAB4800B0DB38 /* LocationManager.swift */ = {isa = PBXFileReference; lastKnownFileType = sourcecode.swift; path = LocationManager.swift; sourceTree = "<group>"; };
/* End PBXFileReference section */

/* Begin PBXFrameworksBuildPhase section */
		F5B1D9712BCB27F500B0DB38 /* Frameworks */ = {
			isa = PBXFrameworksBuildPhase;
			buildActionMask = 2147483647;
			files = (
			);
			runOnlyForDeploymentPostprocessing = 0;
		};
/* End PBXFrameworksBuildPhase section */

/* Begin PBXGroup section */
		F5B1D96B2BCB27F500B0DB38 = {
			isa = PBXGroup;
			children = (
				F5B1D9762BCB27F500B0DB38 /* TaskTracker */,
				F5B1D9752BCB27F500B0DB38 /* Products */,
			);
			sourceTree = "<group>";
		};
		F5B1D9752BCB27F500B0DB38 /* Products */ = {
			isa = PBXGroup;
			children = (
				F5B1D9742BCB27F500B0DB38 /* TaskTracker.app */,
			);
			name = Products;
			sourceTree = "<group>";
		};
		F5B1D9762BCB27F500B0DB38 /* TaskTracker */ = {
			isa = PBXGroup;
			children = (
				F5B1D9912BCBD66A00B0DB38 /* Info.plist */,
				F5B1D9772BCB27F500B0DB38 /* TaskTrackerApp.swift */,
				F5B1D9872BCB280C00B0DB38 /* Profile.swift */,
				F5B1D9892BCB282900B0DB38 /* FitnessTask.swift */,
				F5B1D98B2BCB283300B0DB38 /* FitnessTaskVM.swift */,
				F5B1D98F2BCB284300B0DB38 /* GymVM.swift */,
				F5B1D9792BCB27F500B0DB38 /* ContentView.swift */,
				F5B1D9922BCCAB4800B0DB38 /* LocationManager.swift */,
				F5B1D97D2BCB27F700B0DB38 /* Assets.xcassets */,
				F5B1D97F2BCB27F700B0DB38 /* Preview Content */,
			);
			path = TaskTracker;
			sourceTree = "<group>";
		};
		F5B1D97F2BCB27F700B0DB38 /* Preview Content */ = {
			isa = PBXGroup;
			children = (
				F5B1D9802BCB27F700B0DB38 /* Preview Assets.xcassets */,
			);
			path = "Preview Content";
			sourceTree = "<group>";
		};
/* End PBXGroup section */

/* Begin PBXNativeTarget section */
		F5B1D9732BCB27F500B0DB38 /* TaskTracker */ = {
			isa = PBXNativeTarget;
			buildConfigurationList = F5B1D9842BCB27F700B0DB38 /* Build configuration list for PBXNativeTarget "TaskTracker" */;
			buildPhases = (
				F5B1D9702BCB27F500B0DB38 /* Sources */,
				F5B1D9712BCB27F500B0DB38 /* Frameworks */,
				F5B1D9722BCB27F500B0DB38 /* Resources */,
			);
			buildRules = (
			);
			dependencies = (
			);
			name = TaskTracker;
			productName = TaskTracker;
			productReference = F5B1D9742BCB27F500B0DB38 /* TaskTracker.app */;
			productType = "com.apple.product-type.application";
		};
/* End PBXNativeTarget section */

/* Begin PBXProject section */
		F5B1D96C2BCB27F500B0DB38 /* Project object */ = {
			isa = PBXProject;
			attributes = {
				BuildIndependentTargetsInParallel = 1;
				LastSwiftUpdateCheck = 1520;
				LastUpgradeCheck = 1520;
				TargetAttributes = {
					F5B1D9732BCB27F500B0DB38 = {
						CreatedOnToolsVersion = 15.2;
					};
				};
			};
			buildConfigurationList = F5B1D96F2BCB27F500B0DB38 /* Build configuration list for PBXProject "TaskTracker" */;
			compatibilityVersion = "Xcode 14.0";
			developmentRegion = en;
			hasScannedForEncodings = 0;
			knownRegions = (
				en,
				Base,
			);
			mainGroup = F5B1D96B2BCB27F500B0DB38;
			productRefGroup = F5B1D9752BCB27F500B0DB38 /* Products */;
			projectDirPath = "";
			projectRoot = "";
			targets = (
				F5B1D9732BCB27F500B0DB38 /* TaskTracker */,
			);
		};
/* End PBXProject section */

/* Begin PBXResourcesBuildPhase section */
		F5B1D9722BCB27F500B0DB38 /* Resources */ = {
			isa = PBXResourcesBuildPhase;
			buildActionMask = 2147483647;
			files = (
				F5B1D9812BCB27F700B0DB38 /* Preview Assets.xcassets in Resources */,
				F5B1D97E2BCB27F700B0DB38 /* Assets.xcassets in Resources */,
			);
			runOnlyForDeploymentPostprocessing = 0;
		};
/* End PBXResourcesBuildPhase section */

/* Begin PBXSourcesBuildPhase section */
		F5B1D9702BCB27F500B0DB38 /* Sources */ = {
			isa = PBXSourcesBuildPhase;
			buildActionMask = 2147483647;
			files = (
				F5B1D97A2BCB27F500B0DB38 /* ContentView.swift in Sources */,
				F5B1D9882BCB280C00B0DB38 /* Profile.swift in Sources */,
				F5B1D98C2BCB283300B0DB38 /* FitnessTaskVM.swift in Sources */,
				F5B1D98A2BCB282900B0DB38 /* FitnessTask.swift in Sources */,
				F5B1D9902BCB284300B0DB38 /* GymVM.swift in Sources */,
				F5B1D9782BCB27F500B0DB38 /* TaskTrackerApp.swift in Sources */,
				F5B1D9932BCCAB4800B0DB38 /* LocationManager.swift in Sources */,
			);
			runOnlyForDeploymentPostprocessing = 0;
		};
/* End PBXSourcesBuildPhase section */

/* Begin XCBuildConfiguration section */
		F5B1D9822BCB27F700B0DB38 /* Debug */ = {
			isa = XCBuildConfiguration;
			buildSettings = {
				ALWAYS_SEARCH_USER_PATHS = NO;
				ASSETCATALOG_COMPILER_GENERATE_SWIFT_ASSET_SYMBOL_EXTENSIONS = YES;
				CLANG_ANALYZER_NONNULL = YES;
				CLANG_ANALYZER_NUMBER_OBJECT_CONVERSION = YES_AGGRESSIVE;
				CLANG_CXX_LANGUAGE_STANDARD = "gnu++20";
				CLANG_ENABLE_MODULES = YES;
				CLANG_ENABLE_OBJC_ARC = YES;
				CLANG_ENABLE_OBJC_WEAK = YES;
				CLANG_WARN_BLOCK_CAPTURE_AUTORELEASING = YES;
				CLANG_WARN_BOOL_CONVERSION = YES;
				CLANG_WARN_COMMA = YES;
				CLANG_WARN_CONSTANT_CONVERSION = YES;
				CLANG_WARN_DEPRECATED_OBJC_IMPLEMENTATIONS = YES;
				CLANG_WARN_DIRECT_OBJC_ISA_USAGE = YES_ERROR;
				CLANG_WARN_DOCUMENTATION_COMMENTS = YES;
				CLANG_WARN_EMPTY_BODY = YES;
				CLANG_WARN_ENUM_CONVERSION = YES;
				CLANG_WARN_INFINITE_RECURSION = YES;
				CLANG_WARN_INT_CONVERSION = YES;
				CLANG_WARN_NON_LITERAL_NULL_CONVERSION = YES;
				CLANG_WARN_OBJC_IMPLICIT_RETAIN_SELF = YES;
				CLANG_WARN_OBJC_LITERAL_CONVERSION = YES;
				CLANG_WARN_OBJC_ROOT_CLASS = YES_ERROR;
				CLANG_WARN_QUOTED_INCLUDE_IN_FRAMEWORK_HEADER = YES;
				CLANG_WARN_RANGE_LOOP_ANALYSIS = YES;
				CLANG_WARN_STRICT_PROTOTYPES = YES;
				CLANG_WARN_SUSPICIOUS_MOVE = YES;
				CLANG_WARN_UNGUARDED_AVAILABILITY = YES_AGGRESSIVE;
				CLANG_WARN_UNREACHABLE_CODE = YES;
				CLANG_WARN__DUPLICATE_METHOD_MATCH = YES;
				COPY_PHASE_STRIP = NO;
				DEBUG_INFORMATION_FORMAT = dwarf;
				ENABLE_STRICT_OBJC_MSGSEND = YES;
				ENABLE_TESTABILITY = YES;
				ENABLE_USER_SCRIPT_SANDBOXING = YES;
				GCC_C_LANGUAGE_STANDARD = gnu17;
				GCC_DYNAMIC_NO_PIC = NO;
				GCC_NO_COMMON_BLOCKS = YES;
				GCC_OPTIMIZATION_LEVEL = 0;
				GCC_PREPROCESSOR_DEFINITIONS = (
					"DEBUG=1",
					"$(inherited)",
				);
				GCC_WARN_64_TO_32_BIT_CONVERSION = YES;
				GCC_WARN_ABOUT_RETURN_TYPE = YES_ERROR;
				GCC_WARN_UNDECLARED_SELECTOR = YES;
				GCC_WARN_UNINITIALIZED_AUTOS = YES_AGGRESSIVE;
				GCC_WARN_UNUSED_FUNCTION = YES;
				GCC_WARN_UNUSED_VARIABLE = YES;
				IPHONEOS_DEPLOYMENT_TARGET = 17.2;
				LOCALIZATION_PREFERS_STRING_CATALOGS = YES;
				MTL_ENABLE_DEBUG_INFO = INCLUDE_SOURCE;
				MTL_FAST_MATH = YES;
				ONLY_ACTIVE_ARCH = YES;
				SDKROOT = iphoneos;
				SWIFT_ACTIVE_COMPILATION_CONDITIONS = "DEBUG $(inherited)";
				SWIFT_OPTIMIZATION_LEVEL = "-Onone";
			};
			name = Debug;
		};
		F5B1D9832BCB27F700B0DB38 /* Release */ = {
			isa = XCBuildConfiguration;
			buildSettings = {
				ALWAYS_SEARCH_USER_PATHS = NO;
				ASSETCATALOG_COMPILER_GENERATE_SWIFT_ASSET_SYMBOL_EXTENSIONS = YES;
				CLANG_ANALYZER_NONNULL = YES;
				CLANG_ANALYZER_NUMBER_OBJECT_CONVERSION = YES_AGGRESSIVE;
				CLANG_CXX_LANGUAGE_STANDARD = "gnu++20";
				CLANG_ENABLE_MODULES = YES;
				CLANG_ENABLE_OBJC_ARC = YES;
				CLANG_ENABLE_OBJC_WEAK = YES;
				CLANG_WARN_BLOCK_CAPTURE_AUTORELEASING = YES;
				CLANG_WARN_BOOL_CONVERSION = YES;
				CLANG_WARN_COMMA = YES;
				CLANG_WARN_CONSTANT_CONVERSION = YES;
				CLANG_WARN_DEPRECATED_OBJC_IMPLEMENTATIONS = YES;
				CLANG_WARN_DIRECT_OBJC_ISA_USAGE = YES_ERROR;
				CLANG_WARN_DOCUMENTATION_COMMENTS = YES;
				CLANG_WARN_EMPTY_BODY = YES;
				CLANG_WARN_ENUM_CONVERSION = YES;
				CLANG_WARN_INFINITE_RECURSION = YES;
				CLANG_WARN_INT_CONVERSION = YES;
				CLANG_WARN_NON_LITERAL_NULL_CONVERSION = YES;
				CLANG_WARN_OBJC_IMPLICIT_RETAIN_SELF = YES;
				CLANG_WARN_OBJC_LITERAL_CONVERSION = YES;
				CLANG_WARN_OBJC_ROOT_CLASS = YES_ERROR;
				CLANG_WARN_QUOTED_INCLUDE_IN_FRAMEWORK_HEADER = YES;
				CLANG_WARN_RANGE_LOOP_ANALYSIS = YES;
				CLANG_WARN_STRICT_PROTOTYPES = YES;
				CLANG_WARN_SUSPICIOUS_MOVE = YES;
				CLANG_WARN_UNGUARDED_AVAILABILITY = YES_AGGRESSIVE;
				CLANG_WARN_UNREACHABLE_CODE = YES;
				CLANG_WARN__DUPLICATE_METHOD_MATCH = YES;
				COPY_PHASE_STRIP = NO;
				DEBUG_INFORMATION_FORMAT = "dwarf-with-dsym";
				ENABLE_NS_ASSERTIONS = NO;
				ENABLE_STRICT_OBJC_MSGSEND = YES;
				ENABLE_USER_SCRIPT_SANDBOXING = YES;
				GCC_C_LANGUAGE_STANDARD = gnu17;
				GCC_NO_COMMON_BLOCKS = YES;
				GCC_WARN_64_TO_32_BIT_CONVERSION = YES;
				GCC_WARN_ABOUT_RETURN_TYPE = YES_ERROR;
				GCC_WARN_UNDECLARED_SELECTOR = YES;
				GCC_WARN_UNINITIALIZED_AUTOS = YES_AGGRESSIVE;
				GCC_WARN_UNUSED_FUNCTION = YES;
				GCC_WARN_UNUSED_VARIABLE = YES;
				IPHONEOS_DEPLOYMENT_TARGET = 17.2;
				LOCALIZATION_PREFERS_STRING_CATALOGS = YES;
				MTL_ENABLE_DEBUG_INFO = NO;
				MTL_FAST_MATH = YES;
				SDKROOT = iphoneos;
				SWIFT_COMPILATION_MODE = wholemodule;
				VALIDATE_PRODUCT = YES;
			};
			name = Release;
		};
		F5B1D9852BCB27F700B0DB38 /* Debug */ = {
			isa = XCBuildConfiguration;
			buildSettings = {
				ASSETCATALOG_COMPILER_APPICON_NAME = AppIcon;
				ASSETCATALOG_COMPILER_GLOBAL_ACCENT_COLOR_NAME = AccentColor;
				CODE_SIGN_STYLE = Automatic;
				CURRENT_PROJECT_VERSION = 1;
				DEVELOPMENT_ASSET_PATHS = "\"TaskTracker/Preview Content\"";
				ENABLE_PREVIEWS = YES;
				GENERATE_INFOPLIST_FILE = YES;
				INFOPLIST_FILE = TaskTracker/Info.plist;
				INFOPLIST_KEY_NSLocationAlwaysAndWhenInUseUsageDescription = "Use Location";
				INFOPLIST_KEY_NSLocationWhenInUseUsageDescription = "My Location";
				INFOPLIST_KEY_UIApplicationSupportsIndirectInputEvents = YES;
				INFOPLIST_KEY_UILaunchScreen_Generation = YES;
				INFOPLIST_KEY_UISupportedInterfaceOrientations_iPad = "UIInterfaceOrientationPortrait UIInterfaceOrientationPortraitUpsideDown UIInterfaceOrientationLandscapeLeft UIInterfaceOrientationLandscapeRight";
				INFOPLIST_KEY_UISupportedInterfaceOrientations_iPhone = "UIInterfaceOrientationPortrait UIInterfaceOrientationLandscapeLeft UIInterfaceOrientationLandscapeRight";
				LD_RUNPATH_SEARCH_PATHS = (
					"$(inherited)",
					"@executable_path/Frameworks",
				);
				MARKETING_VERSION = 1.0;
				PRODUCT_BUNDLE_IDENTIFIER = asu.TaskTracker;
				PRODUCT_NAME = "$(TARGET_NAME)";
				SWIFT_EMIT_LOC_STRINGS = YES;
				SWIFT_VERSION = 5.0;
				TARGETED_DEVICE_FAMILY = "1,2";
			};
			name = Debug;
		};
		F5B1D9862BCB27F700B0DB38 /* Release */ = {
			isa = XCBuildConfiguration;
			buildSettings = {
				ASSETCATALOG_COMPILER_APPICON_NAME = AppIcon;
				ASSETCATALOG_COMPILER_GLOBAL_ACCENT_COLOR_NAME = AccentColor;
				CODE_SIGN_STYLE = Automatic;
				CURRENT_PROJECT_VERSION = 1;
				DEVELOPMENT_ASSET_PATHS = "\"TaskTracker/Preview Content\"";
				ENABLE_PREVIEWS = YES;
				GENERATE_INFOPLIST_FILE = YES;
				INFOPLIST_FILE = TaskTracker/Info.plist;
				INFOPLIST_KEY_NSLocationAlwaysAndWhenInUseUsageDescription = "Use Location";
				INFOPLIST_KEY_NSLocationWhenInUseUsageDescription = "My Location";
				INFOPLIST_KEY_UIApplicationSupportsIndirectInputEvents = YES;
				INFOPLIST_KEY_UILaunchScreen_Generation = YES;
				INFOPLIST_KEY_UISupportedInterfaceOrientations_iPad = "UIInterfaceOrientationPortrait UIInterfaceOrientationPortraitUpsideDown UIInterfaceOrientationLandscapeLeft UIInterfaceOrientationLandscapeRight";
				INFOPLIST_KEY_UISupportedInterfaceOrientations_iPhone = "UIInterfaceOrientationPortrait UIInterfaceOrientationLandscapeLeft UIInterfaceOrientationLandscapeRight";
				LD_RUNPATH_SEARCH_PATHS = (
					"$(inherited)",
					"@executable_path/Frameworks",
				);
				MARKETING_VERSION = 1.0;
				PRODUCT_BUNDLE_IDENTIFIER = asu.TaskTracker;
				PRODUCT_NAME = "$(TARGET_NAME)";
				SWIFT_EMIT_LOC_STRINGS = YES;
				SWIFT_VERSION = 5.0;
				TARGETED_DEVICE_FAMILY = "1,2";
			};
			name = Release;
		};
/* End XCBuildConfiguration section */

/* Begin XCConfigurationList section */
		F5B1D96F2BCB27F500B0DB38 /* Build configuration list for PBXProject "TaskTracker" */ = {
			isa = XCConfigurationList;
			buildConfigurations = (
				F5B1D9822BCB27F700B0DB38 /* Debug */,
				F5B1D9832BCB27F700B0DB38 /* Release */,
			);
			defaultConfigurationIsVisible = 0;
			defaultConfigurationName = Release;
		};
		F5B1D9842BCB27F700B0DB38 /* Build configuration list for PBXNativeTarget "TaskTracker" */ = {
			isa = XCConfigurationList;
			buildConfigurations = (
				F5B1D9852BCB27F700B0DB38 /* Debug */,
				F5B1D9862BCB27F700B0DB38 /* Release */,
			);
			defaultConfigurationIsVisible = 0;
			defaultConfigurationName = Release;
		};
/* End XCConfigurationList section */
	};
	rootObject = F5B1D96C2BCB27F500B0DB38 /* Project object */;
}
